<?xml version="1.0" encoding="utf-8"?>
<Project ToolsVersion="4.0" xmlns="http://schemas.microsoft.com/developer/msbuild/2003">
  <ItemGroup>
    <Filter Include="소스 파일">
      <UniqueIdentifier>{4FC737F1-C7A5-4376-A066-2A32D752A2FF}</UniqueIdentifier>
      <Extensions>cpp;c;cc;cxx;def;odl;idl;hpj;bat;asm;asmx</Extensions>
    </Filter>
    <Filter Include="헤더 파일">
      <UniqueIdentifier>{93995380-89BD-4b04-88EB-625FBE52EBFB}</UniqueIdentifier>
      <Extensions>h;hh;hpp;hxx;hm;inl;inc;ipp;xsd</Extensions>
    </Filter>
    <Filter Include="리소스 파일">
      <UniqueIdentifier>{67DA6AB6-F800-4c08-8B7A-83BB121AAD01}</UniqueIdentifier>
      <Extensions>rc;ico;cur;bmp;dlg;rc2;rct;bin;rgs;gif;jpg;jpeg;jpe;resx;tiff;tif;png;wav;mfcribbon-ms</Extensions>
    </Filter>
    <Filter Include="Core">
      <UniqueIdentifier>{e7742bd8-ce13-4244-aace-06ea5cc71f10}</UniqueIdentifier>
    </Filter>
    <Filter Include="DirectXTK">
      <UniqueIdentifier>{b07e25a1-17f2-4725-af43-18ed295db089}</UniqueIdentifier>
    </Filter>
    <Filter Include="Shader">
      <UniqueIdentifier>{84a330a2-7e4e-44df-8f66-cb091b8c6119}</UniqueIdentifier>
    </Filter>
    <Filter Include="Assimp">
      <UniqueIdentifier>{b891ad76-8e31-4859-a6df-49e85822dbbe}</UniqueIdentifier>
    </Filter>
    <Filter Include="TinyXml2">
      <UniqueIdentifier>{fff3cf0d-0073-4b99-a250-3f6d9ace4d91}</UniqueIdentifier>
    </Filter>
    <Filter Include="ImGui">
      <UniqueIdentifier>{255b61e1-9548-4bef-88e8-04c84308370a}</UniqueIdentifier>
    </Filter>
  </ItemGroup>
  <ItemGroup>
    <ClCompile Include="main.cpp">
      <Filter>소스 파일</Filter>
    </ClCompile>
    <ClCompile Include="Core\Shader.cpp">
      <Filter>Core</Filter>
    </ClCompile>
    <ClCompile Include="Core\Object3D.cpp">
      <Filter>Core</Filter>
    </ClCompile>
    <ClCompile Include="Core\Game.cpp">
      <Filter>Core</Filter>
    </ClCompile>
    <ClCompile Include="Core\Camera.cpp">
      <Filter>Core</Filter>
    </ClCompile>
    <ClCompile Include="Core\Object2D.cpp">
      <Filter>Core</Filter>
    </ClCompile>
    <ClCompile Include="Core\GameObject2D.cpp">
      <Filter>Core</Filter>
    </ClCompile>
    <ClCompile Include="TinyXml2\tinyxml2.cpp">
      <Filter>TinyXml2</Filter>
    </ClCompile>
    <ClCompile Include="Core\GameObject3D.cpp">
      <Filter>Core</Filter>
    </ClCompile>
    <ClCompile Include="Core\Object3DLine.cpp">
      <Filter>Core</Filter>
    </ClCompile>
    <ClCompile Include="Core\GameObject3DLine.cpp">
      <Filter>Core</Filter>
    </ClCompile>
    <ClCompile Include="ImGui\imgui.cpp">
      <Filter>ImGui</Filter>
    </ClCompile>
    <ClCompile Include="ImGui\imgui_demo.cpp">
      <Filter>ImGui</Filter>
    </ClCompile>
    <ClCompile Include="ImGui\imgui_draw.cpp">
      <Filter>ImGui</Filter>
    </ClCompile>
    <ClCompile Include="ImGui\imgui_impl_dx11.cpp">
      <Filter>ImGui</Filter>
    </ClCompile>
    <ClCompile Include="ImGui\imgui_impl_win32.cpp">
      <Filter>ImGui</Filter>
    </ClCompile>
    <ClCompile Include="ImGui\imgui_widgets.cpp">
      <Filter>ImGui</Filter>
    </ClCompile>
    <ClCompile Include="Core\Terrain.cpp">
      <Filter>Core</Filter>
    </ClCompile>
    <ClCompile Include="Core\Material.cpp">
      <Filter>Core</Filter>
    </ClCompile>
    <ClCompile Include="Core\AssimpLoader.cpp">
      <Filter>Core</Filter>
    </ClCompile>
  </ItemGroup>
  <ItemGroup>
    <ClInclude Include="DirectXTK\Audio.h">
      <Filter>DirectXTK</Filter>
    </ClInclude>
    <ClInclude Include="DirectXTK\CommonStates.h">
      <Filter>DirectXTK</Filter>
    </ClInclude>
    <ClInclude Include="DirectXTK\DDSTextureLoader.h">
      <Filter>DirectXTK</Filter>
    </ClInclude>
    <ClInclude Include="DirectXTK\DirectXHelpers.h">
      <Filter>DirectXTK</Filter>
    </ClInclude>
    <ClInclude Include="DirectXTK\Effects.h">
      <Filter>DirectXTK</Filter>
    </ClInclude>
    <ClInclude Include="DirectXTK\GamePad.h">
      <Filter>DirectXTK</Filter>
    </ClInclude>
    <ClInclude Include="DirectXTK\GeometricPrimitive.h">
      <Filter>DirectXTK</Filter>
    </ClInclude>
    <ClInclude Include="DirectXTK\GraphicsMemory.h">
      <Filter>DirectXTK</Filter>
    </ClInclude>
    <ClInclude Include="DirectXTK\Keyboard.h">
      <Filter>DirectXTK</Filter>
    </ClInclude>
    <ClInclude Include="DirectXTK\Model.h">
      <Filter>DirectXTK</Filter>
    </ClInclude>
    <ClInclude Include="DirectXTK\Mouse.h">
      <Filter>DirectXTK</Filter>
    </ClInclude>
    <ClInclude Include="DirectXTK\PostProcess.h">
      <Filter>DirectXTK</Filter>
    </ClInclude>
    <ClInclude Include="DirectXTK\PrimitiveBatch.h">
      <Filter>DirectXTK</Filter>
    </ClInclude>
    <ClInclude Include="DirectXTK\ScreenGrab.h">
      <Filter>DirectXTK</Filter>
    </ClInclude>
    <ClInclude Include="DirectXTK\SimpleMath.h">
      <Filter>DirectXTK</Filter>
    </ClInclude>
    <ClInclude Include="DirectXTK\SpriteBatch.h">
      <Filter>DirectXTK</Filter>
    </ClInclude>
    <ClInclude Include="DirectXTK\SpriteFont.h">
      <Filter>DirectXTK</Filter>
    </ClInclude>
    <ClInclude Include="DirectXTK\VertexTypes.h">
      <Filter>DirectXTK</Filter>
    </ClInclude>
    <ClInclude Include="DirectXTK\WICTextureLoader.h">
      <Filter>DirectXTK</Filter>
    </ClInclude>
    <ClInclude Include="DirectXTK\XboxDDSTextureLoader.h">
      <Filter>DirectXTK</Filter>
    </ClInclude>
    <ClInclude Include="DirectXTK\DirectXTK.h">
      <Filter>DirectXTK</Filter>
    </ClInclude>
    <ClInclude Include="Core\Shader.h">
      <Filter>Core</Filter>
    </ClInclude>
    <ClInclude Include="Core\SharedHeader.h">
      <Filter>Core</Filter>
    </ClInclude>
    <ClInclude Include="Core\Object3D.h">
      <Filter>Core</Filter>
    </ClInclude>
    <ClInclude Include="Core\PrimitiveGenerator.h">
      <Filter>Core</Filter>
    </ClInclude>
    <ClInclude Include="Assimp\aabb.h">
      <Filter>Assimp</Filter>
    </ClInclude>
    <ClInclude Include="Assimp\ai_assert.h">
      <Filter>Assimp</Filter>
    </ClInclude>
    <ClInclude Include="Assimp\anim.h">
      <Filter>Assimp</Filter>
    </ClInclude>
    <ClInclude Include="Assimp\BaseImporter.h">
      <Filter>Assimp</Filter>
    </ClInclude>
    <ClInclude Include="Assimp\Bitmap.h">
      <Filter>Assimp</Filter>
    </ClInclude>
    <ClInclude Include="Assimp\BlobIOSystem.h">
      <Filter>Assimp</Filter>
    </ClInclude>
    <ClInclude Include="Assimp\ByteSwapper.h">
      <Filter>Assimp</Filter>
    </ClInclude>
    <ClInclude Include="Assimp\camera.h">
      <Filter>Assimp</Filter>
    </ClInclude>
    <ClInclude Include="Assimp\cexport.h">
      <Filter>Assimp</Filter>
    </ClInclude>
    <ClInclude Include="Assimp\cfileio.h">
      <Filter>Assimp</Filter>
    </ClInclude>
    <ClInclude Include="Assimp\cimport.h">
      <Filter>Assimp</Filter>
    </ClInclude>
    <ClInclude Include="Assimp\color4.h">
      <Filter>Assimp</Filter>
    </ClInclude>
    <ClInclude Include="Assimp\CreateAnimMesh.h">
      <Filter>Assimp</Filter>
    </ClInclude>
    <ClInclude Include="Assimp\DefaultIOStream.h">
      <Filter>Assimp</Filter>
    </ClInclude>
    <ClInclude Include="Assimp\DefaultIOSystem.h">
      <Filter>Assimp</Filter>
    </ClInclude>
    <ClInclude Include="Assimp\DefaultLogger.hpp">
      <Filter>Assimp</Filter>
    </ClInclude>
    <ClInclude Include="Assimp\Defines.h">
      <Filter>Assimp</Filter>
    </ClInclude>
    <ClInclude Include="Assimp\defs.h">
      <Filter>Assimp</Filter>
    </ClInclude>
    <ClInclude Include="Assimp\Exceptional.h">
      <Filter>Assimp</Filter>
    </ClInclude>
    <ClInclude Include="Assimp\Exporter.hpp">
      <Filter>Assimp</Filter>
    </ClInclude>
    <ClInclude Include="Assimp\fast_atof.h">
      <Filter>Assimp</Filter>
    </ClInclude>
    <ClInclude Include="Assimp\GenericProperty.h">
      <Filter>Assimp</Filter>
    </ClInclude>
    <ClInclude Include="Assimp\Hash.h">
      <Filter>Assimp</Filter>
    </ClInclude>
    <ClInclude Include="Assimp\Importer.hpp">
      <Filter>Assimp</Filter>
    </ClInclude>
    <ClInclude Include="Assimp\importerdesc.h">
      <Filter>Assimp</Filter>
    </ClInclude>
    <ClInclude Include="Assimp\IOStream.hpp">
      <Filter>Assimp</Filter>
    </ClInclude>
    <ClInclude Include="Assimp\IOStreamBuffer.h">
      <Filter>Assimp</Filter>
    </ClInclude>
    <ClInclude Include="Assimp\IOSystem.hpp">
      <Filter>Assimp</Filter>
    </ClInclude>
    <ClInclude Include="Assimp\irrXMLWrapper.h">
      <Filter>Assimp</Filter>
    </ClInclude>
    <ClInclude Include="Assimp\light.h">
      <Filter>Assimp</Filter>
    </ClInclude>
    <ClInclude Include="Assimp\LineSplitter.h">
      <Filter>Assimp</Filter>
    </ClInclude>
    <ClInclude Include="Assimp\LogAux.h">
      <Filter>Assimp</Filter>
    </ClInclude>
    <ClInclude Include="Assimp\Logger.hpp">
      <Filter>Assimp</Filter>
    </ClInclude>
    <ClInclude Include="Assimp\LogStream.hpp">
      <Filter>Assimp</Filter>
    </ClInclude>
    <ClInclude Include="Assimp\Macros.h">
      <Filter>Assimp</Filter>
    </ClInclude>
    <ClInclude Include="Assimp\material.h">
      <Filter>Assimp</Filter>
    </ClInclude>
    <ClInclude Include="Assimp\MathFunctions.h">
      <Filter>Assimp</Filter>
    </ClInclude>
    <ClInclude Include="Assimp\matrix3x3.h">
      <Filter>Assimp</Filter>
    </ClInclude>
    <ClInclude Include="Assimp\matrix4x4.h">
      <Filter>Assimp</Filter>
    </ClInclude>
    <ClInclude Include="Assimp\MemoryIOWrapper.h">
      <Filter>Assimp</Filter>
    </ClInclude>
    <ClInclude Include="Assimp\mesh.h">
      <Filter>Assimp</Filter>
    </ClInclude>
    <ClInclude Include="Assimp\metadata.h">
      <Filter>Assimp</Filter>
    </ClInclude>
    <ClInclude Include="Assimp\NullLogger.hpp">
      <Filter>Assimp</Filter>
    </ClInclude>
    <ClInclude Include="Assimp\ParsingUtils.h">
      <Filter>Assimp</Filter>
    </ClInclude>
    <ClInclude Include="Assimp\pbrmaterial.h">
      <Filter>Assimp</Filter>
    </ClInclude>
    <ClInclude Include="Assimp\postprocess.h">
      <Filter>Assimp</Filter>
    </ClInclude>
    <ClInclude Include="Assimp\Profiler.h">
      <Filter>Assimp</Filter>
    </ClInclude>
    <ClInclude Include="Assimp\ProgressHandler.hpp">
      <Filter>Assimp</Filter>
    </ClInclude>
    <ClInclude Include="Assimp\qnan.h">
      <Filter>Assimp</Filter>
    </ClInclude>
    <ClInclude Include="Assimp\quaternion.h">
      <Filter>Assimp</Filter>
    </ClInclude>
    <ClInclude Include="Assimp\RemoveComments.h">
      <Filter>Assimp</Filter>
    </ClInclude>
    <ClInclude Include="Assimp\scene.h">
      <Filter>Assimp</Filter>
    </ClInclude>
    <ClInclude Include="Assimp\SceneCombiner.h">
      <Filter>Assimp</Filter>
    </ClInclude>
    <ClInclude Include="Assimp\SGSpatialSort.h">
      <Filter>Assimp</Filter>
    </ClInclude>
    <ClInclude Include="Assimp\SkeletonMeshBuilder.h">
      <Filter>Assimp</Filter>
    </ClInclude>
    <ClInclude Include="Assimp\SmoothingGroups.h">
      <Filter>Assimp</Filter>
    </ClInclude>
    <ClInclude Include="Assimp\SpatialSort.h">
      <Filter>Assimp</Filter>
    </ClInclude>
    <ClInclude Include="Assimp\StandardShapes.h">
      <Filter>Assimp</Filter>
    </ClInclude>
    <ClInclude Include="Assimp\StreamReader.h">
      <Filter>Assimp</Filter>
    </ClInclude>
    <ClInclude Include="Assimp\StreamWriter.h">
      <Filter>Assimp</Filter>
    </ClInclude>
    <ClInclude Include="Assimp\StringComparison.h">
      <Filter>Assimp</Filter>
    </ClInclude>
    <ClInclude Include="Assimp\StringUtils.h">
      <Filter>Assimp</Filter>
    </ClInclude>
    <ClInclude Include="Assimp\Subdivision.h">
      <Filter>Assimp</Filter>
    </ClInclude>
    <ClInclude Include="Assimp\texture.h">
      <Filter>Assimp</Filter>
    </ClInclude>
    <ClInclude Include="Assimp\TinyFormatter.h">
      <Filter>Assimp</Filter>
    </ClInclude>
    <ClInclude Include="Assimp\types.h">
      <Filter>Assimp</Filter>
    </ClInclude>
    <ClInclude Include="Assimp\vector2.h">
      <Filter>Assimp</Filter>
    </ClInclude>
    <ClInclude Include="Assimp\vector3.h">
      <Filter>Assimp</Filter>
    </ClInclude>
    <ClInclude Include="Assimp\version.h">
      <Filter>Assimp</Filter>
    </ClInclude>
    <ClInclude Include="Assimp\Vertex.h">
      <Filter>Assimp</Filter>
    </ClInclude>
    <ClInclude Include="Assimp\XMLTools.h">
      <Filter>Assimp</Filter>
    </ClInclude>
    <ClInclude Include="Assimp\ZipArchiveIOSystem.h">
      <Filter>Assimp</Filter>
    </ClInclude>
    <ClInclude Include="Core\AssimpLoader.h">
      <Filter>Core</Filter>
    </ClInclude>
    <ClInclude Include="Assimp\config.h">
      <Filter>Assimp</Filter>
    </ClInclude>
    <ClInclude Include="Core\Math.h">
      <Filter>Core</Filter>
    </ClInclude>
    <ClInclude Include="Core\Game.h">
      <Filter>Core</Filter>
    </ClInclude>
    <ClInclude Include="Core\Camera.h">
      <Filter>Core</Filter>
    </ClInclude>
    <ClInclude Include="Core\Object2D.h">
      <Filter>Core</Filter>
    </ClInclude>
    <ClInclude Include="Core\GameObject2D.h">
      <Filter>Core</Filter>
    </ClInclude>
    <ClInclude Include="TinyXml2\tinyxml2.h">
      <Filter>TinyXml2</Filter>
    </ClInclude>
    <ClInclude Include="Core\GameObject3D.h">
      <Filter>Core</Filter>
    </ClInclude>
    <ClInclude Include="Core\Object3DLine.h">
      <Filter>Core</Filter>
    </ClInclude>
    <ClInclude Include="Core\GameObject3DLine.h">
      <Filter>Core</Filter>
    </ClInclude>
    <ClInclude Include="Core\Serializator.h">
      <Filter>Core</Filter>
    </ClInclude>
    <ClInclude Include="ImGui\imconfig.h">
      <Filter>ImGui</Filter>
    </ClInclude>
    <ClInclude Include="ImGui\imgui.h">
      <Filter>ImGui</Filter>
    </ClInclude>
    <ClInclude Include="ImGui\imgui_impl_dx11.h">
      <Filter>ImGui</Filter>
    </ClInclude>
    <ClInclude Include="ImGui\imgui_impl_win32.h">
      <Filter>ImGui</Filter>
    </ClInclude>
    <ClInclude Include="ImGui\imgui_internal.h">
      <Filter>ImGui</Filter>
    </ClInclude>
    <ClInclude Include="ImGui\imstb_rectpack.h">
      <Filter>ImGui</Filter>
    </ClInclude>
    <ClInclude Include="ImGui\imstb_textedit.h">
      <Filter>ImGui</Filter>
    </ClInclude>
    <ClInclude Include="ImGui\imstb_truetype.h">
      <Filter>ImGui</Filter>
    </ClInclude>
    <ClInclude Include="Core\ModelPorter.h">
      <Filter>Core</Filter>
    </ClInclude>
    <ClInclude Include="Core\Terrain.h">
      <Filter>Core</Filter>
    </ClInclude>
    <ClInclude Include="Core\Material.h">
      <Filter>Core</Filter>
    </ClInclude>
  </ItemGroup>
  <ItemGroup>
    <Library Include="DirectXTK\DirectXTK.lib">
      <Filter>DirectXTK</Filter>
    </Library>
    <Library Include="Assimp\assimp-vc142-mtd.lib">
      <Filter>Assimp</Filter>
    </Library>
  </ItemGroup>
  <ItemGroup>
    <None Include="DirectXTK\SimpleMath.inl">
      <Filter>DirectXTK</Filter>
    </None>
    <None Include="Shader\Header.hlsli">
      <Filter>Shader</Filter>
    </None>
    <None Include="Assimp\.editorconfig">
      <Filter>Assimp</Filter>
    </None>
    <None Include="Assimp\assimp-vc142-mtd.dll">
      <Filter>Assimp</Filter>
    </None>
    <None Include="Assimp\color4.inl">
      <Filter>Assimp</Filter>
    </None>
    <None Include="Assimp\material.inl">
      <Filter>Assimp</Filter>
    </None>
    <None Include="Assimp\matrix3x3.inl">
      <Filter>Assimp</Filter>
    </None>
    <None Include="Assimp\matrix4x4.inl">
      <Filter>Assimp</Filter>
    </None>
    <None Include="Assimp\quaternion.inl">
      <Filter>Assimp</Filter>
    </None>
    <None Include="Assimp\SmoothingGroups.inl">
      <Filter>Assimp</Filter>
    </None>
    <None Include="Assimp\vector2.inl">
      <Filter>Assimp</Filter>
    </None>
    <None Include="Assimp\vector3.inl">
      <Filter>Assimp</Filter>
    </None>
    <None Include="Shader\Header2D.hlsli">
      <Filter>Shader</Filter>
    </None>
  </ItemGroup>
  <ItemGroup>
    <FxCompile Include="Shader\GSNormal.hlsl">
      <Filter>Shader</Filter>
    </FxCompile>
    <FxCompile Include="Shader\PSBase.hlsl">
      <Filter>Shader</Filter>
    </FxCompile>
    <FxCompile Include="Shader\VSBase.hlsl">
      <Filter>Shader</Filter>
    </FxCompile>
    <FxCompile Include="Shader\VSAnimation.hlsl">
      <Filter>Shader</Filter>
    </FxCompile>
    <FxCompile Include="Shader\VSSky.hlsl">
      <Filter>Shader</Filter>
    </FxCompile>
    <FxCompile Include="Shader\PSSky.hlsl">
      <Filter>Shader</Filter>
    </FxCompile>
    <FxCompile Include="Shader\VSLine.hlsl">
      <Filter>Shader</Filter>
    </FxCompile>
    <FxCompile Include="Shader\PSLine.hlsl">
      <Filter>Shader</Filter>
    </FxCompile>
    <FxCompile Include="Shader\PSVertexColor.hlsl">
      <Filter>Shader</Filter>
    </FxCompile>
    <FxCompile Include="Shader\PSBase2D.hlsl">
      <Filter>Shader</Filter>
    </FxCompile>
    <FxCompile Include="Shader\VSBase2D.hlsl">
      <Filter>Shader</Filter>
    </FxCompile>
    <FxCompile Include="Shader\PSGizmo.hlsl">
      <Filter>Shader</Filter>
    </FxCompile>
    <FxCompile Include="Shader\VSGizmo.hlsl">
      <Filter>Shader</Filter>
    </FxCompile>
    <FxCompile Include="Shader\PSMasking2D.hlsl">
      <Filter>Shader</Filter>
    </FxCompile>
    <FxCompile Include="Shader\DSBezier.hlsl">
      <Filter>Shader</Filter>
    </FxCompile>
    <FxCompile Include="Shader\HSBezier.hlsl">
      <Filter>Shader</Filter>
    </FxCompile>
    <FxCompile Include="Shader\PSTerrain.hlsl">
      <Filter>Shader</Filter>
    </FxCompile>
  </ItemGroup>
  <ItemGroup>
    <Natvis Include="ImGui\imgui.natvis">
      <Filter>ImGui</Filter>
    </Natvis>
  </ItemGroup>
</Project>